
Microsoft Visual Studio Solution File, Format Version 12.00
# Visual Studio Version 17
VisualStudioVersion = 17.0.31903.59
MinimumVisualStudioVersion = 10.0.40219.1
Project("{FAE04EC0-301F-11D3-BF4B-00C04F79EFBC}") = "tamrin", "tamrin\tamrin.csproj", "{73E318FC-9D0E-4B81-A89C-F293C694E783}"
EndProject
Global
	GlobalSection(SolutionConfigurationPlatforms) = preSolution
		Debug|Any CPU = Debug|Any CPU
		Release|Any CPU = Release|Any CPU
	EndGlobalSection
	GlobalSection(ProjectConfigurationPlatforms) = postSolution
		{73E318FC-9D0E-4B81-A89C-F293C694E783}.Debug|Any CPU.ActiveCfg = Debug|Any CPU
		{73E318FC-9D0E-4B81-A89C-F293C694E783}.Debug|Any CPU.Build.0 = Debug|Any CPU
		{73E318FC-9D0E-4B81-A89C-F293C694E783}.Release|Any CPU.ActiveCfg = Release|Any CPU
		{73E318FC-9D0E-4B81-A89C-F293C694E783}.Release|Any CPU.Build.0 = Release|Any CPU
	EndGlobalSection
	GlobalSection(SolutionProperties) = preSolution
		HideSolutionNode = FALSE
	EndGlobalSection
	GlobalSection(ExtensibilityGlobals) = postSolution
		SolutionGuid = {3E1E0D7F-D523-4342-B9E1-2CDF9E3A0344}
	EndGlobalSection
EndGlobal
